
Microsoft Visual Studio Solution File, Format Version 12.00
# Visual Studio Version 17
VisualStudioVersion = 17.11.35312.102
MinimumVisualStudioVersion = 10.0.40219.1
Project("{FAE04EC0-301F-11D3-BF4B-00C04F79EFBC}") = "CSharpEgitimKampi_01", "CSharpEgitimKampi_01\CSharpEgitimKampi_01.csproj", "{B93ACFA8-15B0-4E3E-838A-B81A0F47C996}"
EndProject
Global
	GlobalSection(SolutionConfigurationPlatforms) = preSolution
		Debug|Any CPU = Debug|Any CPU
		Release|Any CPU = Release|Any CPU
	EndGlobalSection
	GlobalSection(ProjectConfigurationPlatforms) = postSolution
		{B93ACFA8-15B0-4E3E-838A-B81A0F47C996}.Debug|Any CPU.ActiveCfg = Debug|Any CPU
		{B93ACFA8-15B0-4E3E-838A-B81A0F47C996}.Debug|Any CPU.Build.0 = Debug|Any CPU
		{B93ACFA8-15B0-4E3E-838A-B81A0F47C996}.Release|Any CPU.ActiveCfg = Release|Any CPU
		{B93ACFA8-15B0-4E3E-838A-B81A0F47C996}.Release|Any CPU.Build.0 = Release|Any CPU
	EndGlobalSection
	GlobalSection(SolutionProperties) = preSolution
		HideSolutionNode = FALSE
	EndGlobalSection
	GlobalSection(ExtensibilityGlobals) = postSolution
		SolutionGuid = {249885E5-DA7D-4EE3-8FB1-08EE40827333}
	EndGlobalSection
EndGlobal
